
Microsoft Visual Studio Solution File, Format Version 12.00
# Visual Studio 15
VisualStudioVersion = 15.0.27703.2035
MinimumVisualStudioVersion = 10.0.40219.1
Project("{FAE04EC0-301F-11D3-BF4B-00C04F79EFBC}") = "Me.Dan.CaptchaRecog", "Me.Dan.CaptchaRecog\Me.Dan.CaptchaRecog.csproj", "{8DB6536B-5046-449C-9EB0-9CCC2399C138}"
EndProject
Project("{FAE04EC0-301F-11D3-BF4B-00C04F79EFBC}") = "test", "test\test.csproj", "{EADEC39D-0734-4E0C-ACFF-4B87BE41D321}"
EndProject
Global
	GlobalSection(SolutionConfigurationPlatforms) = preSolution
		Debug|Any CPU = Debug|Any CPU
		Release|Any CPU = Release|Any CPU
	EndGlobalSection
	GlobalSection(ProjectConfigurationPlatforms) = postSolution
		{8DB6536B-5046-449C-9EB0-9CCC2399C138}.Debug|Any CPU.ActiveCfg = Debug|Any CPU
		{8DB6536B-5046-449C-9EB0-9CCC2399C138}.Debug|Any CPU.Build.0 = Debug|Any CPU
		{8DB6536B-5046-449C-9EB0-9CCC2399C138}.Release|Any CPU.ActiveCfg = Release|Any CPU
		{8DB6536B-5046-449C-9EB0-9CCC2399C138}.Release|Any CPU.Build.0 = Release|Any CPU
		{EADEC39D-0734-4E0C-ACFF-4B87BE41D321}.Debug|Any CPU.ActiveCfg = Debug|Any CPU
		{EADEC39D-0734-4E0C-ACFF-4B87BE41D321}.Debug|Any CPU.Build.0 = Debug|Any CPU
		{EADEC39D-0734-4E0C-ACFF-4B87BE41D321}.Release|Any CPU.ActiveCfg = Release|Any CPU
		{EADEC39D-0734-4E0C-ACFF-4B87BE41D321}.Release|Any CPU.Build.0 = Release|Any CPU
	EndGlobalSection
	GlobalSection(SolutionProperties) = preSolution
		HideSolutionNode = FALSE
	EndGlobalSection
	GlobalSection(ExtensibilityGlobals) = postSolution
		SolutionGuid = {0A93F894-9986-4EE0-95DF-C19F80D50605}
	EndGlobalSection
EndGlobal
